
Microsoft Visual Studio Solution File, Format Version 12.00
# Visual Studio 15
VisualStudioVersion = 15.0.26228.4
MinimumVisualStudioVersion = 10.0.40219.1
Project("{2150E333-8FDC-42A3-9474-1A3956D46DE8}") = "Solution Items", "Solution Items", "{A5580F9D-0F5F-4224-980F-7824536A627D}"
	ProjectSection(SolutionItems) = preProject
		..\LICENSE = ..\LICENSE
		..\README.md = ..\README.md
	EndProjectSection
EndProject
Project("{FAE04EC0-301F-11D3-BF4B-00C04F79EFBC}") = "Mapster", "Mapster\Mapster.csproj", "{C1137DAE-26D6-47BD-985A-BA619549E633}"
EndProject
Project("{FAE04EC0-301F-11D3-BF4B-00C04F79EFBC}") = "Mapster.Tests", "Mapster.Tests\Mapster.Tests.csproj", "{1DD1735E-5BE9-4193-957F-B9D5B267AB1A}"
EndProject
Project("{FAE04EC0-301F-11D3-BF4B-00C04F79EFBC}") = "Benchmark", "Benchmark\Benchmark.csproj", "{D00BFDEA-33A4-4F20-A577-2E8C06C391D0}"
EndProject
Global
	GlobalSection(SolutionConfigurationPlatforms) = preSolution
		Debug|Any CPU = Debug|Any CPU
		Release|Any CPU = Release|Any CPU
	EndGlobalSection
	GlobalSection(ProjectConfigurationPlatforms) = postSolution
		{C1137DAE-26D6-47BD-985A-BA619549E633}.Debug|Any CPU.ActiveCfg = Debug|Any CPU
		{C1137DAE-26D6-47BD-985A-BA619549E633}.Debug|Any CPU.Build.0 = Debug|Any CPU
		{C1137DAE-26D6-47BD-985A-BA619549E633}.Release|Any CPU.ActiveCfg = Release|Any CPU
		{C1137DAE-26D6-47BD-985A-BA619549E633}.Release|Any CPU.Build.0 = Release|Any CPU
		{1DD1735E-5BE9-4193-957F-B9D5B267AB1A}.Debug|Any CPU.ActiveCfg = Debug|Any CPU
		{1DD1735E-5BE9-4193-957F-B9D5B267AB1A}.Debug|Any CPU.Build.0 = Debug|Any CPU
		{1DD1735E-5BE9-4193-957F-B9D5B267AB1A}.Release|Any CPU.ActiveCfg = Release|Any CPU
		{1DD1735E-5BE9-4193-957F-B9D5B267AB1A}.Release|Any CPU.Build.0 = Release|Any CPU
		{D00BFDEA-33A4-4F20-A577-2E8C06C391D0}.Debug|Any CPU.ActiveCfg = Debug|Any CPU
		{D00BFDEA-33A4-4F20-A577-2E8C06C391D0}.Debug|Any CPU.Build.0 = Debug|Any CPU
		{D00BFDEA-33A4-4F20-A577-2E8C06C391D0}.Release|Any CPU.ActiveCfg = Release|Any CPU
		{D00BFDEA-33A4-4F20-A577-2E8C06C391D0}.Release|Any CPU.Build.0 = Release|Any CPU
	EndGlobalSection
	GlobalSection(SolutionProperties) = preSolution
		HideSolutionNode = FALSE
	EndGlobalSection
EndGlobal
