
Microsoft Visual Studio Solution File, Format Version 12.00
# Visual Studio Version 16
VisualStudioVersion = 16.0.29709.97
MinimumVisualStudioVersion = 10.0.40219.1
Project("{2150E333-8FDC-42A3-9474-1A3956D46DE8}") = "Solution Items", "Solution Items", "{A5580F9D-0F5F-4224-980F-7824536A627D}"
	ProjectSection(SolutionItems) = preProject
		.editorconfig = .editorconfig
		..\.config\dotnet-tools.json = ..\.config\dotnet-tools.json
		..\LICENSE = ..\LICENSE
		..\README.md = ..\README.md
	EndProjectSection
EndProject
Project("{9A19103F-16F7-4668-BE54-9A1E7A4F7556}") = "Mapster", "Mapster\Mapster.csproj", "{C1137DAE-26D6-47BD-985A-BA619549E633}"
EndProject
Project("{9A19103F-16F7-4668-BE54-9A1E7A4F7556}") = "Mapster.Tests", "Mapster.Tests\Mapster.Tests.csproj", "{1DD1735E-5BE9-4193-957F-B9D5B267AB1A}"
EndProject
Project("{9A19103F-16F7-4668-BE54-9A1E7A4F7556}") = "Benchmark", "Benchmark\Benchmark.csproj", "{D00BFDEA-33A4-4F20-A577-2E8C06C391D0}"
EndProject
Project("{9A19103F-16F7-4668-BE54-9A1E7A4F7556}") = "Sample.AspNetCore", "Sample.AspNetCore\Sample.AspNetCore.csproj", "{B350A4CA-775C-4966-BA51-825A68489C87}"
EndProject
Project("{2150E333-8FDC-42A3-9474-1A3956D46DE8}") = "Tests", "Tests", "{D33E5A90-ABCA-4B2D-8758-2873CC5AB847}"
EndProject
Project("{9A19103F-16F7-4668-BE54-9A1E7A4F7556}") = "Mapster.Async", "Mapster.Async\Mapster.Async.csproj", "{208588F0-B82F-4013-9AB6-5CBA796CD88A}"
EndProject
Project("{9A19103F-16F7-4668-BE54-9A1E7A4F7556}") = "Mapster.Async.Tests", "Mapster.Async.Tests\Mapster.Async.Tests.csproj", "{1DAD2BA5-F70C-4AE5-9C72-BC99438AD974}"
EndProject
Project("{9A19103F-16F7-4668-BE54-9A1E7A4F7556}") = "Mapster.DependencyInjection", "Mapster.DependencyInjection\Mapster.DependencyInjection.csproj", "{EFC1DF64-5D9D-4B96-9D16-C60080EDAF7B}"
EndProject
Project("{9A19103F-16F7-4668-BE54-9A1E7A4F7556}") = "Mapster.DependencyInjection.Tests", "Mapster.DependencyInjection.Tests\Mapster.DependencyInjection.Tests.csproj", "{49D947D1-AF97-4050-9947-F2682B2F49C1}"
EndProject
Project("{9A19103F-16F7-4668-BE54-9A1E7A4F7556}") = "Mapster.EF6", "Mapster.EF6\Mapster.EF6.csproj", "{433FB065-4028-437F-AFED-2C4B628DF6AE}"
EndProject
Project("{9A19103F-16F7-4668-BE54-9A1E7A4F7556}") = "Mapster.EFCore", "Mapster.EFCore\Mapster.EFCore.csproj", "{809EF2EC-A35D-4046-97E3-B616D781B5DA}"
EndProject
Project("{9A19103F-16F7-4668-BE54-9A1E7A4F7556}") = "Mapster.JsonNet", "Mapster.JsonNet\Mapster.JsonNet.csproj", "{5BFDB314-9C1D-4992-AB07-1EF0F364019B}"
EndProject
Project("{9A19103F-16F7-4668-BE54-9A1E7A4F7556}") = "Mapster.JsonNet.Tests", "Mapster.JsonNet.Tests\Mapster.JsonNet.Tests.csproj", "{7C40FE0A-8E00-4477-B742-A1DB26D3458A}"
EndProject
Project("{9A19103F-16F7-4668-BE54-9A1E7A4F7556}") = "Mapster.EFCore.Tests", "Mapster.EFCore.Tests\Mapster.EFCore.Tests.csproj", "{80ED4A2B-6CB8-4A2E-9CC8-37644C315B21}"
EndProject
Project("{9A19103F-16F7-4668-BE54-9A1E7A4F7556}") = "Mapster.Immutable", "Mapster.Immutable\Mapster.Immutable.csproj", "{DE045991-6268-46EE-B5D3-79DE75820976}"
EndProject
Project("{9A19103F-16F7-4668-BE54-9A1E7A4F7556}") = "Mapster.Immutable.Tests", "Mapster.Immutable.Tests\Mapster.Immutable.Tests.csproj", "{D5DF0FB7-44A5-4326-9EC4-5B8F7FCCE00F}"
EndProject
Project("{9A19103F-16F7-4668-BE54-9A1E7A4F7556}") = "Mapster.Tool", "Mapster.Tool\Mapster.Tool.csproj", "{05CFF481-D4EC-411A-99C5-382709E05522}"
EndProject
Project("{2150E333-8FDC-42A3-9474-1A3956D46DE8}") = "Plugins", "Plugins", "{916FA044-B9E5-44F2-991A-85AA43C08255}"
EndProject
Project("{9A19103F-16F7-4668-BE54-9A1E7A4F7556}") = "Sample.CodeGen", "Sample.CodeGen\Sample.CodeGen.csproj", "{3CB56440-5449-4DE5-A8D3-549C87C1B36A}"
EndProject
Project("{2150E333-8FDC-42A3-9474-1A3956D46DE8}") = "Samples", "Samples", "{EF7E343F-592E-4EAC-A0A4-92EB4B95CB89}"
EndProject
Project("{9A19103F-16F7-4668-BE54-9A1E7A4F7556}") = "Mapster.SourceGenerator", "Mapster.SourceGenerator\Mapster.SourceGenerator.csproj", "{BFAFD4DF-7530-46EA-866E-C2A74DAEBDB1}"
EndProject
Project("{9A19103F-16F7-4668-BE54-9A1E7A4F7556}") = "Mapster.Core", "Mapster.Core\Mapster.Core.csproj", "{1A7D2FD4-DDEC-4E11-93FF-1310F34F67CF}"
EndProject
Global
	GlobalSection(SolutionConfigurationPlatforms) = preSolution
		Debug|Any CPU = Debug|Any CPU
		Release|Any CPU = Release|Any CPU
	EndGlobalSection
	GlobalSection(ProjectConfigurationPlatforms) = postSolution
		{C1137DAE-26D6-47BD-985A-BA619549E633}.Debug|Any CPU.ActiveCfg = Debug|Any CPU
		{C1137DAE-26D6-47BD-985A-BA619549E633}.Debug|Any CPU.Build.0 = Debug|Any CPU
		{C1137DAE-26D6-47BD-985A-BA619549E633}.Release|Any CPU.ActiveCfg = Release|Any CPU
		{C1137DAE-26D6-47BD-985A-BA619549E633}.Release|Any CPU.Build.0 = Release|Any CPU
		{1DD1735E-5BE9-4193-957F-B9D5B267AB1A}.Debug|Any CPU.ActiveCfg = Debug|Any CPU
		{1DD1735E-5BE9-4193-957F-B9D5B267AB1A}.Debug|Any CPU.Build.0 = Debug|Any CPU
		{1DD1735E-5BE9-4193-957F-B9D5B267AB1A}.Release|Any CPU.ActiveCfg = Release|Any CPU
		{1DD1735E-5BE9-4193-957F-B9D5B267AB1A}.Release|Any CPU.Build.0 = Release|Any CPU
		{D00BFDEA-33A4-4F20-A577-2E8C06C391D0}.Debug|Any CPU.ActiveCfg = Debug|Any CPU
		{D00BFDEA-33A4-4F20-A577-2E8C06C391D0}.Debug|Any CPU.Build.0 = Debug|Any CPU
		{D00BFDEA-33A4-4F20-A577-2E8C06C391D0}.Release|Any CPU.ActiveCfg = Release|Any CPU
		{D00BFDEA-33A4-4F20-A577-2E8C06C391D0}.Release|Any CPU.Build.0 = Release|Any CPU
		{B350A4CA-775C-4966-BA51-825A68489C87}.Debug|Any CPU.ActiveCfg = Debug|Any CPU
		{B350A4CA-775C-4966-BA51-825A68489C87}.Debug|Any CPU.Build.0 = Debug|Any CPU
		{B350A4CA-775C-4966-BA51-825A68489C87}.Release|Any CPU.ActiveCfg = Release|Any CPU
		{B350A4CA-775C-4966-BA51-825A68489C87}.Release|Any CPU.Build.0 = Release|Any CPU
		{208588F0-B82F-4013-9AB6-5CBA796CD88A}.Debug|Any CPU.ActiveCfg = Debug|Any CPU
		{208588F0-B82F-4013-9AB6-5CBA796CD88A}.Debug|Any CPU.Build.0 = Debug|Any CPU
		{208588F0-B82F-4013-9AB6-5CBA796CD88A}.Release|Any CPU.ActiveCfg = Release|Any CPU
		{208588F0-B82F-4013-9AB6-5CBA796CD88A}.Release|Any CPU.Build.0 = Release|Any CPU
		{1DAD2BA5-F70C-4AE5-9C72-BC99438AD974}.Debug|Any CPU.ActiveCfg = Debug|Any CPU
		{1DAD2BA5-F70C-4AE5-9C72-BC99438AD974}.Debug|Any CPU.Build.0 = Debug|Any CPU
		{1DAD2BA5-F70C-4AE5-9C72-BC99438AD974}.Release|Any CPU.ActiveCfg = Release|Any CPU
		{1DAD2BA5-F70C-4AE5-9C72-BC99438AD974}.Release|Any CPU.Build.0 = Release|Any CPU
		{EFC1DF64-5D9D-4B96-9D16-C60080EDAF7B}.Debug|Any CPU.ActiveCfg = Debug|Any CPU
		{EFC1DF64-5D9D-4B96-9D16-C60080EDAF7B}.Debug|Any CPU.Build.0 = Debug|Any CPU
		{EFC1DF64-5D9D-4B96-9D16-C60080EDAF7B}.Release|Any CPU.ActiveCfg = Release|Any CPU
		{EFC1DF64-5D9D-4B96-9D16-C60080EDAF7B}.Release|Any CPU.Build.0 = Release|Any CPU
		{49D947D1-AF97-4050-9947-F2682B2F49C1}.Debug|Any CPU.ActiveCfg = Debug|Any CPU
		{49D947D1-AF97-4050-9947-F2682B2F49C1}.Debug|Any CPU.Build.0 = Debug|Any CPU
		{49D947D1-AF97-4050-9947-F2682B2F49C1}.Release|Any CPU.ActiveCfg = Release|Any CPU
		{49D947D1-AF97-4050-9947-F2682B2F49C1}.Release|Any CPU.Build.0 = Release|Any CPU
		{433FB065-4028-437F-AFED-2C4B628DF6AE}.Debug|Any CPU.ActiveCfg = Debug|Any CPU
		{433FB065-4028-437F-AFED-2C4B628DF6AE}.Debug|Any CPU.Build.0 = Debug|Any CPU
		{433FB065-4028-437F-AFED-2C4B628DF6AE}.Release|Any CPU.ActiveCfg = Release|Any CPU
		{433FB065-4028-437F-AFED-2C4B628DF6AE}.Release|Any CPU.Build.0 = Release|Any CPU
		{809EF2EC-A35D-4046-97E3-B616D781B5DA}.Debug|Any CPU.ActiveCfg = Debug|Any CPU
		{809EF2EC-A35D-4046-97E3-B616D781B5DA}.Debug|Any CPU.Build.0 = Debug|Any CPU
		{809EF2EC-A35D-4046-97E3-B616D781B5DA}.Release|Any CPU.ActiveCfg = Release|Any CPU
		{809EF2EC-A35D-4046-97E3-B616D781B5DA}.Release|Any CPU.Build.0 = Release|Any CPU
		{5BFDB314-9C1D-4992-AB07-1EF0F364019B}.Debug|Any CPU.ActiveCfg = Debug|Any CPU
		{5BFDB314-9C1D-4992-AB07-1EF0F364019B}.Debug|Any CPU.Build.0 = Debug|Any CPU
		{5BFDB314-9C1D-4992-AB07-1EF0F364019B}.Release|Any CPU.ActiveCfg = Release|Any CPU
		{5BFDB314-9C1D-4992-AB07-1EF0F364019B}.Release|Any CPU.Build.0 = Release|Any CPU
		{7C40FE0A-8E00-4477-B742-A1DB26D3458A}.Debug|Any CPU.ActiveCfg = Debug|Any CPU
		{7C40FE0A-8E00-4477-B742-A1DB26D3458A}.Debug|Any CPU.Build.0 = Debug|Any CPU
		{7C40FE0A-8E00-4477-B742-A1DB26D3458A}.Release|Any CPU.ActiveCfg = Release|Any CPU
		{7C40FE0A-8E00-4477-B742-A1DB26D3458A}.Release|Any CPU.Build.0 = Release|Any CPU
		{80ED4A2B-6CB8-4A2E-9CC8-37644C315B21}.Debug|Any CPU.ActiveCfg = Debug|Any CPU
		{80ED4A2B-6CB8-4A2E-9CC8-37644C315B21}.Debug|Any CPU.Build.0 = Debug|Any CPU
		{80ED4A2B-6CB8-4A2E-9CC8-37644C315B21}.Release|Any CPU.ActiveCfg = Release|Any CPU
		{80ED4A2B-6CB8-4A2E-9CC8-37644C315B21}.Release|Any CPU.Build.0 = Release|Any CPU
		{DE045991-6268-46EE-B5D3-79DE75820976}.Debug|Any CPU.ActiveCfg = Debug|Any CPU
		{DE045991-6268-46EE-B5D3-79DE75820976}.Debug|Any CPU.Build.0 = Debug|Any CPU
		{DE045991-6268-46EE-B5D3-79DE75820976}.Release|Any CPU.ActiveCfg = Release|Any CPU
		{DE045991-6268-46EE-B5D3-79DE75820976}.Release|Any CPU.Build.0 = Release|Any CPU
		{D5DF0FB7-44A5-4326-9EC4-5B8F7FCCE00F}.Debug|Any CPU.ActiveCfg = Debug|Any CPU
		{D5DF0FB7-44A5-4326-9EC4-5B8F7FCCE00F}.Debug|Any CPU.Build.0 = Debug|Any CPU
		{D5DF0FB7-44A5-4326-9EC4-5B8F7FCCE00F}.Release|Any CPU.ActiveCfg = Release|Any CPU
		{D5DF0FB7-44A5-4326-9EC4-5B8F7FCCE00F}.Release|Any CPU.Build.0 = Release|Any CPU
		{05CFF481-D4EC-411A-99C5-382709E05522}.Debug|Any CPU.ActiveCfg = Debug|Any CPU
		{05CFF481-D4EC-411A-99C5-382709E05522}.Debug|Any CPU.Build.0 = Debug|Any CPU
		{05CFF481-D4EC-411A-99C5-382709E05522}.Release|Any CPU.ActiveCfg = Release|Any CPU
		{05CFF481-D4EC-411A-99C5-382709E05522}.Release|Any CPU.Build.0 = Release|Any CPU
		{3CB56440-5449-4DE5-A8D3-549C87C1B36A}.Debug|Any CPU.ActiveCfg = Debug|Any CPU
		{3CB56440-5449-4DE5-A8D3-549C87C1B36A}.Debug|Any CPU.Build.0 = Debug|Any CPU
		{3CB56440-5449-4DE5-A8D3-549C87C1B36A}.Release|Any CPU.ActiveCfg = Release|Any CPU
		{3CB56440-5449-4DE5-A8D3-549C87C1B36A}.Release|Any CPU.Build.0 = Release|Any CPU
		{BFAFD4DF-7530-46EA-866E-C2A74DAEBDB1}.Debug|Any CPU.ActiveCfg = Debug|Any CPU
		{BFAFD4DF-7530-46EA-866E-C2A74DAEBDB1}.Debug|Any CPU.Build.0 = Debug|Any CPU
		{BFAFD4DF-7530-46EA-866E-C2A74DAEBDB1}.Release|Any CPU.ActiveCfg = Release|Any CPU
		{BFAFD4DF-7530-46EA-866E-C2A74DAEBDB1}.Release|Any CPU.Build.0 = Release|Any CPU
		{1A7D2FD4-DDEC-4E11-93FF-1310F34F67CF}.Debug|Any CPU.ActiveCfg = Debug|Any CPU
		{1A7D2FD4-DDEC-4E11-93FF-1310F34F67CF}.Debug|Any CPU.Build.0 = Debug|Any CPU
		{1A7D2FD4-DDEC-4E11-93FF-1310F34F67CF}.Release|Any CPU.ActiveCfg = Release|Any CPU
		{1A7D2FD4-DDEC-4E11-93FF-1310F34F67CF}.Release|Any CPU.Build.0 = Release|Any CPU
	EndGlobalSection
	GlobalSection(SolutionProperties) = preSolution
		HideSolutionNode = FALSE
	EndGlobalSection
	GlobalSection(NestedProjects) = preSolution
		{1DD1735E-5BE9-4193-957F-B9D5B267AB1A} = {D33E5A90-ABCA-4B2D-8758-2873CC5AB847}
		{B350A4CA-775C-4966-BA51-825A68489C87} = {EF7E343F-592E-4EAC-A0A4-92EB4B95CB89}
		{208588F0-B82F-4013-9AB6-5CBA796CD88A} = {916FA044-B9E5-44F2-991A-85AA43C08255}
		{1DAD2BA5-F70C-4AE5-9C72-BC99438AD974} = {D33E5A90-ABCA-4B2D-8758-2873CC5AB847}
		{EFC1DF64-5D9D-4B96-9D16-C60080EDAF7B} = {916FA044-B9E5-44F2-991A-85AA43C08255}
		{49D947D1-AF97-4050-9947-F2682B2F49C1} = {D33E5A90-ABCA-4B2D-8758-2873CC5AB847}
		{433FB065-4028-437F-AFED-2C4B628DF6AE} = {916FA044-B9E5-44F2-991A-85AA43C08255}
		{809EF2EC-A35D-4046-97E3-B616D781B5DA} = {916FA044-B9E5-44F2-991A-85AA43C08255}
		{5BFDB314-9C1D-4992-AB07-1EF0F364019B} = {916FA044-B9E5-44F2-991A-85AA43C08255}
		{7C40FE0A-8E00-4477-B742-A1DB26D3458A} = {D33E5A90-ABCA-4B2D-8758-2873CC5AB847}
		{80ED4A2B-6CB8-4A2E-9CC8-37644C315B21} = {D33E5A90-ABCA-4B2D-8758-2873CC5AB847}
		{DE045991-6268-46EE-B5D3-79DE75820976} = {916FA044-B9E5-44F2-991A-85AA43C08255}
		{D5DF0FB7-44A5-4326-9EC4-5B8F7FCCE00F} = {D33E5A90-ABCA-4B2D-8758-2873CC5AB847}
		{3CB56440-5449-4DE5-A8D3-549C87C1B36A} = {EF7E343F-592E-4EAC-A0A4-92EB4B95CB89}
	EndGlobalSection
	GlobalSection(ExtensibilityGlobals) = postSolution
		SolutionGuid = {83B87DBA-277C-49F1-B597-E3B78C2C8275}
	EndGlobalSection
EndGlobal
